// !$*UTF8*$!
{
	archiveVersion = 1;
	classes = {
	};
	objectVersion = 46;
	objects = {

/* Begin PBXBuildFile section */
		2B2E26BE1A09792B00E0606C /* Coffee.jpg in Resources */ = {isa = PBXBuildFile; fileRef = 2B2E26BD1A09792B00E0606C /* Coffee.jpg */; };
		2B2E26C71A097CA200E0606C /* ICItem.m in Sources */ = {isa = PBXBuildFile; fileRef = 2B2E26C61A097CA200E0606C /* ICItem.m */; };
		2B753DC01A0833570030E7E5 /* main.m in Sources */ = {isa = PBXBuildFile; fileRef = 2B753DBF1A0833570030E7E5 /* main.m */; };
		2B753DC31A0833570030E7E5 /* ICAppDelegate.m in Sources */ = {isa = PBXBuildFile; fileRef = 2B753DC21A0833570030E7E5 /* ICAppDelegate.m */; };
		2B753DC61A0833570030E7E5 /* ItemCatalogApp.xcdatamodeld in Sources */ = {isa = PBXBuildFile; fileRef = 2B753DC41A0833570030E7E5 /* ItemCatalogApp.xcdatamodeld */; };
		2B753DC91A0833570030E7E5 /* ICLoginViewController.m in Sources */ = {isa = PBXBuildFile; fileRef = 2B753DC81A0833570030E7E5 /* ICLoginViewController.m */; };
		2B753DCC1A0833570030E7E5 /* Main.storyboard in Resources */ = {isa = PBXBuildFile; fileRef = 2B753DCA1A0833570030E7E5 /* Main.storyboard */; };
		2B753DCE1A0833570030E7E5 /* Images.xcassets in Resources */ = {isa = PBXBuildFile; fileRef = 2B753DCD1A0833570030E7E5 /* Images.xcassets */; };
		2B753DD11A0833570030E7E5 /* LaunchScreen.xib in Resources */ = {isa = PBXBuildFile; fileRef = 2B753DCF1A0833570030E7E5 /* LaunchScreen.xib */; };
		2B753DDD1A0833570030E7E5 /* ItemCatalogAppTests.m in Sources */ = {isa = PBXBuildFile; fileRef = 2B753DDC1A0833570030E7E5 /* ItemCatalogAppTests.m */; };
		2B7EABEE1A0B7056002DFF6E /* ICItemDataViewController.m in Sources */ = {isa = PBXBuildFile; fileRef = 2B7EABED1A0B7056002DFF6E /* ICItemDataViewController.m */; };
		2B9367DB1A0ABEF9004EBEBC /* ICItemImageViewController.m in Sources */ = {isa = PBXBuildFile; fileRef = 2B9367DA1A0ABEF9004EBEBC /* ICItemImageViewController.m */; };
		2BDA0AE71A0ADB1B00AE423D /* Coca-Cola.jpg in Resources */ = {isa = PBXBuildFile; fileRef = 2BDA0AE41A0ADB1B00AE423D /* Coca-Cola.jpg */; };
		2BDA0AE81A0ADB1B00AE423D /* Bubblegum.jpg in Resources */ = {isa = PBXBuildFile; fileRef = 2BDA0AE51A0ADB1B00AE423D /* Bubblegum.jpg */; };
		2BDA0AE91A0ADB1B00AE423D /* Beer.jpg in Resources */ = {isa = PBXBuildFile; fileRef = 2BDA0AE61A0ADB1B00AE423D /* Beer.jpg */; };
		2BECEBBD1A095EDB00BFA320 /* ICItemTableViewController.m in Sources */ = {isa = PBXBuildFile; fileRef = 2BECEBBC1A095EDB00BFA320 /* ICItemTableViewController.m */; };
		2BECEBC01A0970B600BFA320 /* ItemData.m in Sources */ = {isa = PBXBuildFile; fileRef = 2BECEBBE1A0970B600BFA320 /* ItemData.m */; };
/* End PBXBuildFile section */

/* Begin PBXContainerItemProxy section */
		2B753DD71A0833570030E7E5 /* PBXContainerItemProxy */ = {
			isa = PBXContainerItemProxy;
			containerPortal = 2B753DB21A0833570030E7E5 /* Project object */;
			proxyType = 1;
			remoteGlobalIDString = 2B753DB91A0833570030E7E5;
			remoteInfo = ItemCatalogApp;
		};
/* End PBXContainerItemProxy section */

/* Begin PBXFileReference section */
		2B2E26BD1A09792B00E0606C /* Coffee.jpg */ = {isa = PBXFileReference; lastKnownFileType = image.jpeg; path = Coffee.jpg; sourceTree = "<group>"; };
		2B2E26C51A097CA200E0606C /* ICItem.h */ = {isa = PBXFileReference; fileEncoding = 4; lastKnownFileType = sourcecode.c.h; path = ICItem.h; sourceTree = "<group>"; };
		2B2E26C61A097CA200E0606C /* ICItem.m */ = {isa = PBXFileReference; fileEncoding = 4; lastKnownFileType = sourcecode.c.objc; path = ICItem.m; sourceTree = "<group>"; };
		2B753DBA1A0833570030E7E5 /* ItemCatalogApp.app */ = {isa = PBXFileReference; explicitFileType = wrapper.application; includeInIndex = 0; path = ItemCatalogApp.app; sourceTree = BUILT_PRODUCTS_DIR; };
		2B753DBE1A0833570030E7E5 /* Info.plist */ = {isa = PBXFileReference; lastKnownFileType = text.plist.xml; path = Info.plist; sourceTree = "<group>"; };
		2B753DBF1A0833570030E7E5 /* main.m */ = {isa = PBXFileReference; lastKnownFileType = sourcecode.c.objc; path = main.m; sourceTree = "<group>"; };
		2B753DC11A0833570030E7E5 /* ICAppDelegate.h */ = {isa = PBXFileReference; lastKnownFileType = sourcecode.c.h; path = ICAppDelegate.h; sourceTree = "<group>"; };
		2B753DC21A0833570030E7E5 /* ICAppDelegate.m */ = {isa = PBXFileReference; lastKnownFileType = sourcecode.c.objc; path = ICAppDelegate.m; sourceTree = "<group>"; };
		2B753DC51A0833570030E7E5 /* ItemCatalogApp.xcdatamodel */ = {isa = PBXFileReference; lastKnownFileType = wrapper.xcdatamodel; path = ItemCatalogApp.xcdatamodel; sourceTree = "<group>"; };
		2B753DC71A0833570030E7E5 /* ICLoginViewController.h */ = {isa = PBXFileReference; lastKnownFileType = sourcecode.c.h; path = ICLoginViewController.h; sourceTree = "<group>"; };
		2B753DC81A0833570030E7E5 /* ICLoginViewController.m */ = {isa = PBXFileReference; lastKnownFileType = sourcecode.c.objc; path = ICLoginViewController.m; sourceTree = "<group>"; };
		2B753DCB1A0833570030E7E5 /* Base */ = {isa = PBXFileReference; lastKnownFileType = file.storyboard; name = Base; path = Base.lproj/Main.storyboard; sourceTree = "<group>"; };
		2B753DCD1A0833570030E7E5 /* Images.xcassets */ = {isa = PBXFileReference; lastKnownFileType = folder.assetcatalog; path = Images.xcassets; sourceTree = "<group>"; };
		2B753DD01A0833570030E7E5 /* Base */ = {isa = PBXFileReference; lastKnownFileType = file.xib; name = Base; path = Base.lproj/LaunchScreen.xib; sourceTree = "<group>"; };
		2B753DD61A0833570030E7E5 /* ItemCatalogAppTests.xctest */ = {isa = PBXFileReference; explicitFileType = wrapper.cfbundle; includeInIndex = 0; path = ItemCatalogAppTests.xctest; sourceTree = BUILT_PRODUCTS_DIR; };
		2B753DDB1A0833570030E7E5 /* Info.plist */ = {isa = PBXFileReference; lastKnownFileType = text.plist.xml; path = Info.plist; sourceTree = "<group>"; };
		2B753DDC1A0833570030E7E5 /* ItemCatalogAppTests.m */ = {isa = PBXFileReference; lastKnownFileType = sourcecode.c.objc; path = ItemCatalogAppTests.m; sourceTree = "<group>"; };
		2B7EABEC1A0B7056002DFF6E /* ICItemDataViewController.h */ = {isa = PBXFileReference; fileEncoding = 4; lastKnownFileType = sourcecode.c.h; path = ICItemDataViewController.h; sourceTree = "<group>"; };
		2B7EABED1A0B7056002DFF6E /* ICItemDataViewController.m */ = {isa = PBXFileReference; fileEncoding = 4; lastKnownFileType = sourcecode.c.objc; path = ICItemDataViewController.m; sourceTree = "<group>"; };
		2B9367D91A0ABEF9004EBEBC /* ICItemImageViewController.h */ = {isa = PBXFileReference; fileEncoding = 4; lastKnownFileType = sourcecode.c.h; path = ICItemImageViewController.h; sourceTree = "<group>"; };
		2B9367DA1A0ABEF9004EBEBC /* ICItemImageViewController.m */ = {isa = PBXFileReference; fileEncoding = 4; lastKnownFileType = sourcecode.c.objc; path = ICItemImageViewController.m; sourceTree = "<group>"; };
		2BDA0AE41A0ADB1B00AE423D /* Coca-Cola.jpg */ = {isa = PBXFileReference; lastKnownFileType = image.jpeg; path = "Coca-Cola.jpg"; sourceTree = "<group>"; };
		2BDA0AE51A0ADB1B00AE423D /* Bubblegum.jpg */ = {isa = PBXFileReference; lastKnownFileType = image.jpeg; path = Bubblegum.jpg; sourceTree = "<group>"; };
		2BDA0AE61A0ADB1B00AE423D /* Beer.jpg */ = {isa = PBXFileReference; lastKnownFileType = image.jpeg; path = Beer.jpg; sourceTree = "<group>"; };
		2BECEBBB1A095EDB00BFA320 /* ICItemTableViewController.h */ = {isa = PBXFileReference; fileEncoding = 4; lastKnownFileType = sourcecode.c.h; path = ICItemTableViewController.h; sourceTree = "<group>"; };
		2BECEBBC1A095EDB00BFA320 /* ICItemTableViewController.m */ = {isa = PBXFileReference; fileEncoding = 4; lastKnownFileType = sourcecode.c.objc; path = ICItemTableViewController.m; sourceTree = "<group>"; };
		2BECEBBE1A0970B600BFA320 /* ItemData.m */ = {isa = PBXFileReference; fileEncoding = 4; lastKnownFileType = sourcecode.c.objc; path = ItemData.m; sourceTree = "<group>"; };
		2BECEBBF1A0970B600BFA320 /* ItemsData.h */ = {isa = PBXFileReference; fileEncoding = 4; lastKnownFileType = sourcecode.c.h; path = ItemsData.h; sourceTree = "<group>"; };
/* End PBXFileReference section */

/* Begin PBXFrameworksBuildPhase section */
		2B753DB71A0833570030E7E5 /* Frameworks */ = {
			isa = PBXFrameworksBuildPhase;
			buildActionMask = 2147483647;
			files = (
			);
			runOnlyForDeploymentPostprocessing = 0;
		};
		2B753DD31A0833570030E7E5 /* Frameworks */ = {
			isa = PBXFrameworksBuildPhase;
			buildActionMask = 2147483647;
			files = (
			);
			runOnlyForDeploymentPostprocessing = 0;
		};
/* End PBXFrameworksBuildPhase section */

/* Begin PBXGroup section */
		2B753DB11A0833570030E7E5 = {
			isa = PBXGroup;
			children = (
				2B753DBC1A0833570030E7E5 /* ItemCatalogApp */,
				2B753DD91A0833570030E7E5 /* ItemCatalogAppTests */,
				2B753DBB1A0833570030E7E5 /* Products */,
			);
			sourceTree = "<group>";
		};
		2B753DBB1A0833570030E7E5 /* Products */ = {
			isa = PBXGroup;
			children = (
				2B753DBA1A0833570030E7E5 /* ItemCatalogApp.app */,
				2B753DD61A0833570030E7E5 /* ItemCatalogAppTests.xctest */,
			);
			name = Products;
			sourceTree = "<group>";
		};
		2B753DBC1A0833570030E7E5 /* ItemCatalogApp */ = {
			isa = PBXGroup;
			children = (
				2B753DC11A0833570030E7E5 /* ICAppDelegate.h */,
				2B753DC21A0833570030E7E5 /* ICAppDelegate.m */,
				2B753DC71A0833570030E7E5 /* ICLoginViewController.h */,
				2B753DC81A0833570030E7E5 /* ICLoginViewController.m */,
				2B753DCA1A0833570030E7E5 /* Main.storyboard */,
				2BECEBBB1A095EDB00BFA320 /* ICItemTableViewController.h */,
				2BECEBBC1A095EDB00BFA320 /* ICItemTableViewController.m */,
				2B9367D91A0ABEF9004EBEBC /* ICItemImageViewController.h */,
				2B9367DA1A0ABEF9004EBEBC /* ICItemImageViewController.m */,
				2B7EABEC1A0B7056002DFF6E /* ICItemDataViewController.h */,
				2B7EABED1A0B7056002DFF6E /* ICItemDataViewController.m */,
				2B753DCD1A0833570030E7E5 /* Images.xcassets */,
				2B753DCF1A0833570030E7E5 /* LaunchScreen.xib */,
				2B753DC41A0833570030E7E5 /* ItemCatalogApp.xcdatamodeld */,
				2B2E26C51A097CA200E0606C /* ICItem.h */,
				2B2E26C61A097CA200E0606C /* ICItem.m */,
				2B753DBD1A0833570030E7E5 /* Supporting Files */,
			);
			path = ItemCatalogApp;
			sourceTree = "<group>";
		};
		2B753DBD1A0833570030E7E5 /* Supporting Files */ = {
			isa = PBXGroup;
			children = (
				2B2E26BD1A09792B00E0606C /* Coffee.jpg */,
				2BDA0AE41A0ADB1B00AE423D /* Coca-Cola.jpg */,
				2BDA0AE51A0ADB1B00AE423D /* Bubblegum.jpg */,
				2BDA0AE61A0ADB1B00AE423D /* Beer.jpg */,
				2BECEBBE1A0970B600BFA320 /* ItemData.m */,
				2BECEBBF1A0970B600BFA320 /* ItemsData.h */,
				2B753DBE1A0833570030E7E5 /* Info.plist */,
				2B753DBF1A0833570030E7E5 /* main.m */,
			);
			name = "Supporting Files";
			sourceTree = "<group>";
		};
		2B753DD91A0833570030E7E5 /* ItemCatalogAppTests */ = {
			isa = PBXGroup;
			children = (
				2B753DDC1A0833570030E7E5 /* ItemCatalogAppTests.m */,
				2B753DDA1A0833570030E7E5 /* Supporting Files */,
			);
			path = ItemCatalogAppTests;
			sourceTree = "<group>";
		};
		2B753DDA1A0833570030E7E5 /* Supporting Files */ = {
			isa = PBXGroup;
			children = (
				2B753DDB1A0833570030E7E5 /* Info.plist */,
			);
			name = "Supporting Files";
			sourceTree = "<group>";
		};
/* End PBXGroup section */

/* Begin PBXNativeTarget section */
		2B753DB91A0833570030E7E5 /* ItemCatalogApp */ = {
			isa = PBXNativeTarget;
			buildConfigurationList = 2B753DE01A0833570030E7E5 /* Build configuration list for PBXNativeTarget "ItemCatalogApp" */;
			buildPhases = (
				2B753DB61A0833570030E7E5 /* Sources */,
				2B753DB71A0833570030E7E5 /* Frameworks */,
				2B753DB81A0833570030E7E5 /* Resources */,
			);
			buildRules = (
			);
			dependencies = (
			);
			name = ItemCatalogApp;
			productName = ItemCatalogApp;
			productReference = 2B753DBA1A0833570030E7E5 /* ItemCatalogApp.app */;
			productType = "com.apple.product-type.application";
		};
		2B753DD51A0833570030E7E5 /* ItemCatalogAppTests */ = {
			isa = PBXNativeTarget;
			buildConfigurationList = 2B753DE31A0833570030E7E5 /* Build configuration list for PBXNativeTarget "ItemCatalogAppTests" */;
			buildPhases = (
				2B753DD21A0833570030E7E5 /* Sources */,
				2B753DD31A0833570030E7E5 /* Frameworks */,
				2B753DD41A0833570030E7E5 /* Resources */,
			);
			buildRules = (
			);
			dependencies = (
				2B753DD81A0833570030E7E5 /* PBXTargetDependency */,
			);
			name = ItemCatalogAppTests;
			productName = ItemCatalogAppTests;
			productReference = 2B753DD61A0833570030E7E5 /* ItemCatalogAppTests.xctest */;
			productType = "com.apple.product-type.bundle.unit-test";
		};
/* End PBXNativeTarget section */

/* Begin PBXProject section */
		2B753DB21A0833570030E7E5 /* Project object */ = {
			isa = PBXProject;
			attributes = {
				LastUpgradeCheck = 0610;
				ORGANIZATIONNAME = Shujinko;
				TargetAttributes = {
					2B753DB91A0833570030E7E5 = {
						CreatedOnToolsVersion = 6.1;
					};
					2B753DD51A0833570030E7E5 = {
						CreatedOnToolsVersion = 6.1;
						TestTargetID = 2B753DB91A0833570030E7E5;
					};
				};
			};
			buildConfigurationList = 2B753DB51A0833570030E7E5 /* Build configuration list for PBXProject "ItemCatalogApp" */;
			compatibilityVersion = "Xcode 3.2";
			developmentRegion = English;
			hasScannedForEncodings = 0;
			knownRegions = (
				en,
				Base,
			);
			mainGroup = 2B753DB11A0833570030E7E5;
			productRefGroup = 2B753DBB1A0833570030E7E5 /* Products */;
			projectDirPath = "";
			projectRoot = "";
			targets = (
				2B753DB91A0833570030E7E5 /* ItemCatalogApp */,
				2B753DD51A0833570030E7E5 /* ItemCatalogAppTests */,
			);
		};
/* End PBXProject section */

/* Begin PBXResourcesBuildPhase section */
		2B753DB81A0833570030E7E5 /* Resources */ = {
			isa = PBXResourcesBuildPhase;
			buildActionMask = 2147483647;
			files = (
				2B753DCC1A0833570030E7E5 /* Main.storyboard in Resources */,
				2B753DD11A0833570030E7E5 /* LaunchScreen.xib in Resources */,
				2B2E26BE1A09792B00E0606C /* Coffee.jpg in Resources */,
				2BDA0AE91A0ADB1B00AE423D /* Beer.jpg in Resources */,
				2BDA0AE81A0ADB1B00AE423D /* Bubblegum.jpg in Resources */,
				2B753DCE1A0833570030E7E5 /* Images.xcassets in Resources */,
				2BDA0AE71A0ADB1B00AE423D /* Coca-Cola.jpg in Resources */,
			);
			runOnlyForDeploymentPostprocessing = 0;
		};
		2B753DD41A0833570030E7E5 /* Resources */ = {
			isa = PBXResourcesBuildPhase;
			buildActionMask = 2147483647;
			files = (
			);
			runOnlyForDeploymentPostprocessing = 0;
		};
/* End PBXResourcesBuildPhase section */

/* Begin PBXSourcesBuildPhase section */
		2B753DB61A0833570030E7E5 /* Sources */ = {
			isa = PBXSourcesBuildPhase;
			buildActionMask = 2147483647;
			files = (
				2BECEBC01A0970B600BFA320 /* ItemData.m in Sources */,
				2B753DC61A0833570030E7E5 /* ItemCatalogApp.xcdatamodeld in Sources */,
				2B2E26C71A097CA200E0606C /* ICItem.m in Sources */,
				2B9367DB1A0ABEF9004EBEBC /* ICItemImageViewController.m in Sources */,
				2BECEBBD1A095EDB00BFA320 /* ICItemTableViewController.m in Sources */,
				2B7EABEE1A0B7056002DFF6E /* ICItemDataViewController.m in Sources */,
				2B753DC31A0833570030E7E5 /* ICAppDelegate.m in Sources */,
				2B753DC91A0833570030E7E5 /* ICLoginViewController.m in Sources */,
				2B753DC01A0833570030E7E5 /* main.m in Sources */,
			);
			runOnlyForDeploymentPostprocessing = 0;
		};
		2B753DD21A0833570030E7E5 /* Sources */ = {
			isa = PBXSourcesBuildPhase;
			buildActionMask = 2147483647;
			files = (
				2B753DDD1A0833570030E7E5 /* ItemCatalogAppTests.m in Sources */,
			);
			runOnlyForDeploymentPostprocessing = 0;
		};
/* End PBXSourcesBuildPhase section */

/* Begin PBXTargetDependency section */
		2B753DD81A0833570030E7E5 /* PBXTargetDependency */ = {
			isa = PBXTargetDependency;
			target = 2B753DB91A0833570030E7E5 /* ItemCatalogApp */;
			targetProxy = 2B753DD71A0833570030E7E5 /* PBXContainerItemProxy */;
		};
/* End PBXTargetDependency section */

/* Begin PBXVariantGroup section */
		2B753DCA1A0833570030E7E5 /* Main.storyboard */ = {
			isa = PBXVariantGroup;
			children = (
				2B753DCB1A0833570030E7E5 /* Base */,
			);
			name = Main.storyboard;
			sourceTree = "<group>";
		};
		2B753DCF1A0833570030E7E5 /* LaunchScreen.xib */ = {
			isa = PBXVariantGroup;
			children = (
				2B753DD01A0833570030E7E5 /* Base */,
			);
			name = LaunchScreen.xib;
			sourceTree = "<group>";
		};
/* End PBXVariantGroup section */

/* Begin XCBuildConfiguration section */
		2B753DDE1A0833570030E7E5 /* Debug */ = {
			isa = XCBuildConfiguration;
			buildSettings = {
				ALWAYS_SEARCH_USER_PATHS = NO;
				CLANG_CXX_LANGUAGE_STANDARD = "gnu++0x";
				CLANG_CXX_LIBRARY = "libc++";
				CLANG_ENABLE_MODULES = YES;
				CLANG_ENABLE_OBJC_ARC = YES;
				CLANG_WARN_BOOL_CONVERSION = YES;
				CLANG_WARN_CONSTANT_CONVERSION = YES;
				CLANG_WARN_DIRECT_OBJC_ISA_USAGE = YES_ERROR;
				CLANG_WARN_EMPTY_BODY = YES;
				CLANG_WARN_ENUM_CONVERSION = YES;
				CLANG_WARN_INT_CONVERSION = YES;
				CLANG_WARN_OBJC_ROOT_CLASS = YES_ERROR;
				CLANG_WARN_UNREACHABLE_CODE = YES;
				CLANG_WARN__DUPLICATE_METHOD_MATCH = YES;
				"CODE_SIGN_IDENTITY[sdk=iphoneos*]" = "iPhone Developer";
				COPY_PHASE_STRIP = NO;
				ENABLE_STRICT_OBJC_MSGSEND = YES;
				GCC_C_LANGUAGE_STANDARD = gnu99;
				GCC_DYNAMIC_NO_PIC = NO;
				GCC_OPTIMIZATION_LEVEL = 0;
				GCC_PREPROCESSOR_DEFINITIONS = (
					"DEBUG=1",
					"$(inherited)",
				);
				GCC_SYMBOLS_PRIVATE_EXTERN = NO;
				GCC_WARN_64_TO_32_BIT_CONVERSION = YES;
				GCC_WARN_ABOUT_RETURN_TYPE = YES_ERROR;
				GCC_WARN_UNDECLARED_SELECTOR = YES;
				GCC_WARN_UNINITIALIZED_AUTOS = YES_AGGRESSIVE;
				GCC_WARN_UNUSED_FUNCTION = YES;
				GCC_WARN_UNUSED_VARIABLE = YES;
				IPHONEOS_DEPLOYMENT_TARGET = 8.1;
				MTL_ENABLE_DEBUG_INFO = YES;
				ONLY_ACTIVE_ARCH = YES;
				SDKROOT = iphoneos;
				TARGETED_DEVICE_FAMILY = "1,2";
			};
			name = Debug;
		};
		2B753DDF1A0833570030E7E5 /* Release */ = {
			isa = XCBuildConfiguration;
			buildSettings = {
				ALWAYS_SEARCH_USER_PATHS = NO;
				CLANG_CXX_LANGUAGE_STANDARD = "gnu++0x";
				CLANG_CXX_LIBRARY = "libc++";
				CLANG_ENABLE_MODULES = YES;
				CLANG_ENABLE_OBJC_ARC = YES;
				CLANG_WARN_BOOL_CONVERSION = YES;
				CLANG_WARN_CONSTANT_CONVERSION = YES;
				CLANG_WARN_DIRECT_OBJC_ISA_USAGE = YES_ERROR;
				CLANG_WARN_EMPTY_BODY = YES;
				CLANG_WARN_ENUM_CONVERSION = YES;
				CLANG_WARN_INT_CONVERSION = YES;
				CLANG_WARN_OBJC_ROOT_CLASS = YES_ERROR;
				CLANG_WARN_UNREACHABLE_CODE = YES;
				CLANG_WARN__DUPLICATE_METHOD_MATCH = YES;
				"CODE_SIGN_IDENTITY[sdk=iphoneos*]" = "iPhone Developer";
				COPY_PHASE_STRIP = YES;
				ENABLE_NS_ASSERTIONS = NO;
				ENABLE_STRICT_OBJC_MSGSEND = YES;
				GCC_C_LANGUAGE_STANDARD = gnu99;
				GCC_WARN_64_TO_32_BIT_CONVERSION = YES;
				GCC_WARN_ABOUT_RETURN_TYPE = YES_ERROR;
				GCC_WARN_UNDECLARED_SELECTOR = YES;
				GCC_WARN_UNINITIALIZED_AUTOS = YES_AGGRESSIVE;
				GCC_WARN_UNUSED_FUNCTION = YES;
				GCC_WARN_UNUSED_VARIABLE = YES;
				IPHONEOS_DEPLOYMENT_TARGET = 8.1;
				MTL_ENABLE_DEBUG_INFO = NO;
				SDKROOT = iphoneos;
				TARGETED_DEVICE_FAMILY = "1,2";
				VALIDATE_PRODUCT = YES;
			};
			name = Release;
		};
		2B753DE11A0833570030E7E5 /* Debug */ = {
			isa = XCBuildConfiguration;
			buildSettings = {
				ASSETCATALOG_COMPILER_APPICON_NAME = AppIcon;
				INFOPLIST_FILE = ItemCatalogApp/Info.plist;
				LD_RUNPATH_SEARCH_PATHS = "$(inherited) @executable_path/Frameworks";
				PRODUCT_NAME = "$(TARGET_NAME)";
			};
			name = Debug;
		};
		2B753DE21A0833570030E7E5 /* Release */ = {
			isa = XCBuildConfiguration;
			buildSettings = {
				ASSETCATALOG_COMPILER_APPICON_NAME = AppIcon;
				INFOPLIST_FILE = ItemCatalogApp/Info.plist;
				LD_RUNPATH_SEARCH_PATHS = "$(inherited) @executable_path/Frameworks";
				PRODUCT_NAME = "$(TARGET_NAME)";
			};
			name = Release;
		};
		2B753DE41A0833570030E7E5 /* Debug */ = {
			isa = XCBuildConfiguration;
			buildSettings = {
				BUNDLE_LOADER = "$(TEST_HOST)";
				FRAMEWORK_SEARCH_PATHS = (
					"$(SDKROOT)/Developer/Library/Frameworks",
					"$(inherited)",
				);
				GCC_PREPROCESSOR_DEFINITIONS = (
					"DEBUG=1",
					"$(inherited)",
				);
				INFOPLIST_FILE = ItemCatalogAppTests/Info.plist;
				LD_RUNPATH_SEARCH_PATHS = "$(inherited) @executable_path/Frameworks @loader_path/Frameworks";
				PRODUCT_NAME = "$(TARGET_NAME)";
				TEST_HOST = "$(BUILT_PRODUCTS_DIR)/ItemCatalogApp.app/ItemCatalogApp";
			};
			name = Debug;
		};
		2B753DE51A0833570030E7E5 /* Release */ = {
			isa = XCBuildConfiguration;
			buildSettings = {
				BUNDLE_LOADER = "$(TEST_HOST)";
				FRAMEWORK_SEARCH_PATHS = (
					"$(SDKROOT)/Developer/Library/Frameworks",
					"$(inherited)",
				);
				INFOPLIST_FILE = ItemCatalogAppTests/Info.plist;
				LD_RUNPATH_SEARCH_PATHS = "$(inherited) @executable_path/Frameworks @loader_path/Frameworks";
				PRODUCT_NAME = "$(TARGET_NAME)";
				TEST_HOST = "$(BUILT_PRODUCTS_DIR)/ItemCatalogApp.app/ItemCatalogApp";
			};
			name = Release;
		};
/* End XCBuildConfiguration section */

/* Begin XCConfigurationList section */
		2B753DB51A0833570030E7E5 /* Build configuration list for PBXProject "ItemCatalogApp" */ = {
			isa = XCConfigurationList;
			buildConfigurations = (
				2B753DDE1A0833570030E7E5 /* Debug */,
				2B753DDF1A0833570030E7E5 /* Release */,
			);
			defaultConfigurationIsVisible = 0;
			defaultConfigurationName = Release;
		};
		2B753DE01A0833570030E7E5 /* Build configuration list for PBXNativeTarget "ItemCatalogApp" */ = {
			isa = XCConfigurationList;
			buildConfigurations = (
				2B753DE11A0833570030E7E5 /* Debug */,
				2B753DE21A0833570030E7E5 /* Release */,
			);
			defaultConfigurationIsVisible = 0;
			defaultConfigurationName = Release;
		};
		2B753DE31A0833570030E7E5 /* Build configuration list for PBXNativeTarget "ItemCatalogAppTests" */ = {
			isa = XCConfigurationList;
			buildConfigurations = (
				2B753DE41A0833570030E7E5 /* Debug */,
				2B753DE51A0833570030E7E5 /* Release */,
			);
			defaultConfigurationIsVisible = 0;
			defaultConfigurationName = Release;
		};
/* End XCConfigurationList section */

/* Begin XCVersionGroup section */
		2B753DC41A0833570030E7E5 /* ItemCatalogApp.xcdatamodeld */ = {
			isa = XCVersionGroup;
			children = (
				2B753DC51A0833570030E7E5 /* ItemCatalogApp.xcdatamodel */,
			);
			currentVersion = 2B753DC51A0833570030E7E5 /* ItemCatalogApp.xcdatamodel */;
			path = ItemCatalogApp.xcdatamodeld;
			sourceTree = "<group>";
			versionGroupType = wrapper.xcdatamodel;
		};
/* End XCVersionGroup section */
	};
	rootObject = 2B753DB21A0833570030E7E5 /* Project object */;
}
